
Microsoft Visual Studio Solution File, Format Version 12.00
# Visual Studio 15
VisualStudioVersion = 15.0.28307.572
MinimumVisualStudioVersion = 10.0.40219.1
Project("{FAE04EC0-301F-11D3-BF4B-00C04F79EFBC}") = "OVA.EasyLive", "OVA.EasyLive\OVA.EasyLive.csproj", "{2F9CA890-BBD4-43A6-B379-BA511F95719A}"
EndProject
Project("{FAE04EC0-301F-11D3-BF4B-00C04F79EFBC}") = "OVA.EasyLive.UploadUser", "OVA.EasyLive.UploadUser\OVA.EasyLive.UploadUser.csproj", "{626241B2-2113-4F90-AAA0-B46F09AA1701}"
EndProject
Project("{FAE04EC0-301F-11D3-BF4B-00C04F79EFBC}") = "OVA.EasyLive.DAL", "OVA.EasyLive.DAL\OVA.EasyLive.DAL.csproj", "{62642DEA-E82A-435B-AB67-302F21B5C047}"
EndProject
Global
	GlobalSection(SolutionConfigurationPlatforms) = preSolution
		Debug|Any CPU = Debug|Any CPU
		Release|Any CPU = Release|Any CPU
	EndGlobalSection
	GlobalSection(ProjectConfigurationPlatforms) = postSolution
		{2F9CA890-BBD4-43A6-B379-BA511F95719A}.Debug|Any CPU.ActiveCfg = Debug|Any CPU
		{2F9CA890-BBD4-43A6-B379-BA511F95719A}.Debug|Any CPU.Build.0 = Debug|Any CPU
		{2F9CA890-BBD4-43A6-B379-BA511F95719A}.Release|Any CPU.ActiveCfg = Release|Any CPU
		{2F9CA890-BBD4-43A6-B379-BA511F95719A}.Release|Any CPU.Build.0 = Release|Any CPU
		{626241B2-2113-4F90-AAA0-B46F09AA1701}.Debug|Any CPU.ActiveCfg = Debug|Any CPU
		{626241B2-2113-4F90-AAA0-B46F09AA1701}.Debug|Any CPU.Build.0 = Debug|Any CPU
		{626241B2-2113-4F90-AAA0-B46F09AA1701}.Release|Any CPU.ActiveCfg = Release|Any CPU
		{626241B2-2113-4F90-AAA0-B46F09AA1701}.Release|Any CPU.Build.0 = Release|Any CPU
		{62642DEA-E82A-435B-AB67-302F21B5C047}.Debug|Any CPU.ActiveCfg = Debug|Any CPU
		{62642DEA-E82A-435B-AB67-302F21B5C047}.Debug|Any CPU.Build.0 = Debug|Any CPU
		{62642DEA-E82A-435B-AB67-302F21B5C047}.Release|Any CPU.ActiveCfg = Release|Any CPU
		{62642DEA-E82A-435B-AB67-302F21B5C047}.Release|Any CPU.Build.0 = Release|Any CPU
	EndGlobalSection
	GlobalSection(SolutionProperties) = preSolution
		HideSolutionNode = FALSE
	EndGlobalSection
	GlobalSection(ExtensibilityGlobals) = postSolution
		SolutionGuid = {677E8A80-9B90-491A-A97E-79161B704CF6}
	EndGlobalSection
EndGlobal
