
Microsoft Visual Studio Solution File, Format Version 12.00
# Visual Studio 15
VisualStudioVersion = 15.0.28307.572
MinimumVisualStudioVersion = 10.0.40219.1
Project("{FAE04EC0-301F-11D3-BF4B-00C04F79EFBC}") = "NM.EasyLeave", "NM.EasyLeave\NM.EasyLeave.csproj", "{7548C250-A5C9-4C44-B45C-3D5C41920F4A}"
EndProject
Project("{FAE04EC0-301F-11D3-BF4B-00C04F79EFBC}") = "NM.EasyLeave.UploadUsers", "NM.EasyLeave.UploadUsers\NM.EasyLeave.UploadUsers.csproj", "{A7AED8E8-B25C-4DAD-B089-BD70ED452FFD}"
EndProject
Project("{FAE04EC0-301F-11D3-BF4B-00C04F79EFBC}") = "NM.EasyLeave.DAL", "NM.EasyLeave.DAL\NM.EasyLeave.DAL.csproj", "{52569456-857B-418E-B454-99DC17E4457A}"
EndProject
Global
	GlobalSection(SolutionConfigurationPlatforms) = preSolution
		Debug|Any CPU = Debug|Any CPU
		Release|Any CPU = Release|Any CPU
	EndGlobalSection
	GlobalSection(ProjectConfigurationPlatforms) = postSolution
		{7548C250-A5C9-4C44-B45C-3D5C41920F4A}.Debug|Any CPU.ActiveCfg = Debug|Any CPU
		{7548C250-A5C9-4C44-B45C-3D5C41920F4A}.Debug|Any CPU.Build.0 = Debug|Any CPU
		{7548C250-A5C9-4C44-B45C-3D5C41920F4A}.Release|Any CPU.ActiveCfg = Release|Any CPU
		{7548C250-A5C9-4C44-B45C-3D5C41920F4A}.Release|Any CPU.Build.0 = Release|Any CPU
		{A7AED8E8-B25C-4DAD-B089-BD70ED452FFD}.Debug|Any CPU.ActiveCfg = Debug|Any CPU
		{A7AED8E8-B25C-4DAD-B089-BD70ED452FFD}.Debug|Any CPU.Build.0 = Debug|Any CPU
		{A7AED8E8-B25C-4DAD-B089-BD70ED452FFD}.Release|Any CPU.ActiveCfg = Release|Any CPU
		{A7AED8E8-B25C-4DAD-B089-BD70ED452FFD}.Release|Any CPU.Build.0 = Release|Any CPU
		{52569456-857B-418E-B454-99DC17E4457A}.Debug|Any CPU.ActiveCfg = Debug|Any CPU
		{52569456-857B-418E-B454-99DC17E4457A}.Debug|Any CPU.Build.0 = Debug|Any CPU
		{52569456-857B-418E-B454-99DC17E4457A}.Release|Any CPU.ActiveCfg = Release|Any CPU
		{52569456-857B-418E-B454-99DC17E4457A}.Release|Any CPU.Build.0 = Release|Any CPU
	EndGlobalSection
	GlobalSection(SolutionProperties) = preSolution
		HideSolutionNode = FALSE
	EndGlobalSection
	GlobalSection(ExtensibilityGlobals) = postSolution
		SolutionGuid = {33B4023C-717D-45CB-A948-074BEFA7546C}
	EndGlobalSection
EndGlobal
